
Microsoft Visual Studio Solution File, Format Version 12.00
# Visual Studio Version 17
VisualStudioVersion = 17.8.34525.116
MinimumVisualStudioVersion = 10.0.40219.1
Project("{FAE04EC0-301F-11D3-BF4B-00C04F79EFBC}") = "ArithmeticTools", "ArithmeticTools\ArithmeticTools.csproj", "{D1284E4E-1F06-4783-BEA1-ACF3856F4D36}"
EndProject
Project("{FAE04EC0-301F-11D3-BF4B-00C04F79EFBC}") = "CalcTest", "CalcTest\CalcTest.csproj", "{C422E3A1-4907-4C0B-A412-C90E9D0FF838}"
EndProject
Global
	GlobalSection(SolutionConfigurationPlatforms) = preSolution
		Debug|Any CPU = Debug|Any CPU
		Release|Any CPU = Release|Any CPU
	EndGlobalSection
	GlobalSection(ProjectConfigurationPlatforms) = postSolution
		{D1284E4E-1F06-4783-BEA1-ACF3856F4D36}.Debug|Any CPU.ActiveCfg = Debug|Any CPU
		{D1284E4E-1F06-4783-BEA1-ACF3856F4D36}.Debug|Any CPU.Build.0 = Debug|Any CPU
		{D1284E4E-1F06-4783-BEA1-ACF3856F4D36}.Release|Any CPU.ActiveCfg = Release|Any CPU
		{D1284E4E-1F06-4783-BEA1-ACF3856F4D36}.Release|Any CPU.Build.0 = Release|Any CPU
		{C422E3A1-4907-4C0B-A412-C90E9D0FF838}.Debug|Any CPU.ActiveCfg = Debug|Any CPU
		{C422E3A1-4907-4C0B-A412-C90E9D0FF838}.Debug|Any CPU.Build.0 = Debug|Any CPU
		{C422E3A1-4907-4C0B-A412-C90E9D0FF838}.Release|Any CPU.ActiveCfg = Release|Any CPU
		{C422E3A1-4907-4C0B-A412-C90E9D0FF838}.Release|Any CPU.Build.0 = Release|Any CPU
	EndGlobalSection
	GlobalSection(SolutionProperties) = preSolution
		HideSolutionNode = FALSE
	EndGlobalSection
	GlobalSection(ExtensibilityGlobals) = postSolution
		SolutionGuid = {18C4DE21-3444-445B-BCF8-1779C14C9F7C}
	EndGlobalSection
EndGlobal
